
Microsoft Visual Studio Solution File, Format Version 12.00
# Visual Studio Version 16
VisualStudioVersion = 16.0.28917.181
MinimumVisualStudioVersion = 10.0.40219.1
Project("{9A19103F-16F7-4668-BE54-9A1E7A4F7556}") = "Tezzycat.Data", "Tezzycat.Data\Tezzycat.Data.csproj", "{5456AEA8-4FF7-40F0-A467-EFA2D9899899}"
EndProject
Project("{9A19103F-16F7-4668-BE54-9A1E7A4F7556}") = "Tezzycat.Sync", "Tezzycat.Sync\Tezzycat.Sync.csproj", "{11913B5B-5011-4CDA-A2CD-13FBB3BF2FD8}"
	ProjectSection(ProjectDependencies) = postProject
		{5456AEA8-4FF7-40F0-A467-EFA2D9899899} = {5456AEA8-4FF7-40F0-A467-EFA2D9899899}
	EndProjectSection
EndProject
Project("{FAE04EC0-301F-11D3-BF4B-00C04F79EFBC}") = "Tezzycat.Api", "Tezzycat.Api\Tezzycat.Api.csproj", "{77BF0371-B088-4FB7-B9B7-A9EA05D0C4EB}"
	ProjectSection(ProjectDependencies) = postProject
		{5456AEA8-4FF7-40F0-A467-EFA2D9899899} = {5456AEA8-4FF7-40F0-A467-EFA2D9899899}
	EndProjectSection
EndProject
Global
	GlobalSection(SolutionConfigurationPlatforms) = preSolution
		Debug|Any CPU = Debug|Any CPU
		Release|Any CPU = Release|Any CPU
	EndGlobalSection
	GlobalSection(ProjectConfigurationPlatforms) = postSolution
		{5456AEA8-4FF7-40F0-A467-EFA2D9899899}.Debug|Any CPU.ActiveCfg = Debug|Any CPU
		{5456AEA8-4FF7-40F0-A467-EFA2D9899899}.Debug|Any CPU.Build.0 = Debug|Any CPU
		{5456AEA8-4FF7-40F0-A467-EFA2D9899899}.Release|Any CPU.ActiveCfg = Release|Any CPU
		{5456AEA8-4FF7-40F0-A467-EFA2D9899899}.Release|Any CPU.Build.0 = Release|Any CPU
		{11913B5B-5011-4CDA-A2CD-13FBB3BF2FD8}.Debug|Any CPU.ActiveCfg = Debug|Any CPU
		{11913B5B-5011-4CDA-A2CD-13FBB3BF2FD8}.Debug|Any CPU.Build.0 = Debug|Any CPU
		{11913B5B-5011-4CDA-A2CD-13FBB3BF2FD8}.Release|Any CPU.ActiveCfg = Release|Any CPU
		{11913B5B-5011-4CDA-A2CD-13FBB3BF2FD8}.Release|Any CPU.Build.0 = Release|Any CPU
		{77BF0371-B088-4FB7-B9B7-A9EA05D0C4EB}.Debug|Any CPU.ActiveCfg = Debug|Any CPU
		{77BF0371-B088-4FB7-B9B7-A9EA05D0C4EB}.Debug|Any CPU.Build.0 = Debug|Any CPU
		{77BF0371-B088-4FB7-B9B7-A9EA05D0C4EB}.Release|Any CPU.ActiveCfg = Release|Any CPU
		{77BF0371-B088-4FB7-B9B7-A9EA05D0C4EB}.Release|Any CPU.Build.0 = Release|Any CPU
	EndGlobalSection
	GlobalSection(SolutionProperties) = preSolution
		HideSolutionNode = FALSE
	EndGlobalSection
	GlobalSection(ExtensibilityGlobals) = postSolution
		SolutionGuid = {3920339A-3F2D-4C8D-9067-CE2D83C17618}
	EndGlobalSection
EndGlobal
