
Microsoft Visual Studio Solution File, Format Version 12.00
# Visual Studio Version 17
VisualStudioVersion = 17.4.33006.217
MinimumVisualStudioVersion = 10.0.40219.1
Project("{9A19103F-16F7-4668-BE54-9A1E7A4F7556}") = "Tzkt.Data", "Tzkt.Data\Tzkt.Data.csproj", "{C8AEA17C-C791-4E15-949F-38D5A7829F29}"
EndProject
Project("{9A19103F-16F7-4668-BE54-9A1E7A4F7556}") = "Tzkt.Api.Tests", "Tzkt.Api.Tests\Tzkt.Api.Tests.csproj", "{EF9A9BF1-4EA6-4D8A-8571-9860C2069439}"
EndProject
Project("{9A19103F-16F7-4668-BE54-9A1E7A4F7556}") = "Tzkt.Sync.Tests", "Tzkt.Sync.Tests\Tzkt.Sync.Tests.csproj", "{64EE7642-CEC8-409B-A727-3456FF62CF20}"
EndProject
Project("{9A19103F-16F7-4668-BE54-9A1E7A4F7556}") = "Tzkt.Sync", "Tzkt.Sync\Tzkt.Sync.csproj", "{CF032171-5685-4BD0-A57C-A12D2C750BAE}"
EndProject
Project("{FAE04EC0-301F-11D3-BF4B-00C04F79EFBC}") = "Tzkt.Api", "Tzkt.Api\Tzkt.Api.csproj", "{FA5DC11E-A824-4948-8B3E-12F2305C0497}"
EndProject
Global
	GlobalSection(SolutionConfigurationPlatforms) = preSolution
		Debug|Any CPU = Debug|Any CPU
		Release|Any CPU = Release|Any CPU
	EndGlobalSection
	GlobalSection(ProjectConfigurationPlatforms) = postSolution
		{C8AEA17C-C791-4E15-949F-38D5A7829F29}.Debug|Any CPU.ActiveCfg = Debug|Any CPU
		{C8AEA17C-C791-4E15-949F-38D5A7829F29}.Debug|Any CPU.Build.0 = Debug|Any CPU
		{C8AEA17C-C791-4E15-949F-38D5A7829F29}.Release|Any CPU.ActiveCfg = Release|Any CPU
		{C8AEA17C-C791-4E15-949F-38D5A7829F29}.Release|Any CPU.Build.0 = Release|Any CPU
		{EF9A9BF1-4EA6-4D8A-8571-9860C2069439}.Debug|Any CPU.ActiveCfg = Debug|Any CPU
		{EF9A9BF1-4EA6-4D8A-8571-9860C2069439}.Debug|Any CPU.Build.0 = Debug|Any CPU
		{EF9A9BF1-4EA6-4D8A-8571-9860C2069439}.Release|Any CPU.ActiveCfg = Release|Any CPU
		{EF9A9BF1-4EA6-4D8A-8571-9860C2069439}.Release|Any CPU.Build.0 = Release|Any CPU
		{64EE7642-CEC8-409B-A727-3456FF62CF20}.Debug|Any CPU.ActiveCfg = Debug|Any CPU
		{64EE7642-CEC8-409B-A727-3456FF62CF20}.Debug|Any CPU.Build.0 = Debug|Any CPU
		{64EE7642-CEC8-409B-A727-3456FF62CF20}.Release|Any CPU.ActiveCfg = Release|Any CPU
		{64EE7642-CEC8-409B-A727-3456FF62CF20}.Release|Any CPU.Build.0 = Release|Any CPU
		{CF032171-5685-4BD0-A57C-A12D2C750BAE}.Debug|Any CPU.ActiveCfg = Debug|Any CPU
		{CF032171-5685-4BD0-A57C-A12D2C750BAE}.Debug|Any CPU.Build.0 = Debug|Any CPU
		{CF032171-5685-4BD0-A57C-A12D2C750BAE}.Release|Any CPU.ActiveCfg = Release|Any CPU
		{CF032171-5685-4BD0-A57C-A12D2C750BAE}.Release|Any CPU.Build.0 = Release|Any CPU
		{FA5DC11E-A824-4948-8B3E-12F2305C0497}.Debug|Any CPU.ActiveCfg = Debug|Any CPU
		{FA5DC11E-A824-4948-8B3E-12F2305C0497}.Debug|Any CPU.Build.0 = Debug|Any CPU
		{FA5DC11E-A824-4948-8B3E-12F2305C0497}.Release|Any CPU.ActiveCfg = Release|Any CPU
		{FA5DC11E-A824-4948-8B3E-12F2305C0497}.Release|Any CPU.Build.0 = Release|Any CPU
	EndGlobalSection
	GlobalSection(SolutionProperties) = preSolution
		HideSolutionNode = FALSE
	EndGlobalSection
	GlobalSection(ExtensibilityGlobals) = postSolution
		SolutionGuid = {3C6B91F9-9AA9-4BAC-A1CC-CF5CF5E59F74}
	EndGlobalSection
EndGlobal
